
Microsoft Visual Studio Solution File, Format Version 12.00
# Visual Studio Version 16
VisualStudioVersion = 16.0.30907.101
MinimumVisualStudioVersion = 10.0.40219.1
Project("{FAE04EC0-301F-11D3-BF4B-00C04F79EFBC}") = "SmartHomeSystem", "SmartHomeSystem\SmartHomeSystem.csproj", "{284034A5-8CBA-42B3-952C-F0A5BF753CE4}"
EndProject
Global
	GlobalSection(SolutionConfigurationPlatforms) = preSolution
		Debug|Any CPU = Debug|Any CPU
		Release|Any CPU = Release|Any CPU
	EndGlobalSection
	GlobalSection(ProjectConfigurationPlatforms) = postSolution
		{284034A5-8CBA-42B3-952C-F0A5BF753CE4}.Debug|Any CPU.ActiveCfg = Debug|Any CPU
		{284034A5-8CBA-42B3-952C-F0A5BF753CE4}.Debug|Any CPU.Build.0 = Debug|Any CPU
		{284034A5-8CBA-42B3-952C-F0A5BF753CE4}.Release|Any CPU.ActiveCfg = Release|Any CPU
		{284034A5-8CBA-42B3-952C-F0A5BF753CE4}.Release|Any CPU.Build.0 = Release|Any CPU
	EndGlobalSection
	GlobalSection(SolutionProperties) = preSolution
		HideSolutionNode = FALSE
	EndGlobalSection
	GlobalSection(ExtensibilityGlobals) = postSolution
		SolutionGuid = {85929DE8-85CD-4AEC-B42C-6984D7A6F9B1}
	EndGlobalSection
EndGlobal
